
Microsoft Visual Studio Solution File, Format Version 12.00
# Visual Studio Version 17
VisualStudioVersion = 17.2.32519.379
MinimumVisualStudioVersion = 15.0
Project("{2150E333-8FDC-42A3-9474-1A3956D46DE8}") = "Solution Items", "Solution Items", "{05CB4485-3F59-4189-96D8-F046221EC9CE}"
	ProjectSection(SolutionItems) = preProject
		.gitignore = .gitignore
		.github\workflows\buildAndDeploy.yml = .github\workflows\buildAndDeploy.yml
		LICENSE.txt = LICENSE.txt
		README.md = README.md
	EndProjectSection
EndProject
Project("{FAE04EC0-301F-11D3-BF4B-00C04F79EFBC}") = "Kazpers.JustMyCodeToggle", "Kazpers.JustMyCodeToggle\Kazpers.JustMyCodeToggle.csproj", "{FA24BE86-243C-4701-9316-542FEB90B131}"
EndProject
Global
	GlobalSection(SolutionConfigurationPlatforms) = preSolution
		Debug|Any CPU = Debug|Any CPU
		Debug|x86 = Debug|x86
		Release|Any CPU = Release|Any CPU
		Release|x86 = Release|x86
	EndGlobalSection
	GlobalSection(ProjectConfigurationPlatforms) = postSolution
		{FA24BE86-243C-4701-9316-542FEB90B131}.Debug|Any CPU.ActiveCfg = Debug|Any CPU
		{FA24BE86-243C-4701-9316-542FEB90B131}.Debug|Any CPU.Build.0 = Debug|Any CPU
		{FA24BE86-243C-4701-9316-542FEB90B131}.Debug|x86.ActiveCfg = Debug|x86
		{FA24BE86-243C-4701-9316-542FEB90B131}.Debug|x86.Build.0 = Debug|x86
		{FA24BE86-243C-4701-9316-542FEB90B131}.Release|Any CPU.ActiveCfg = Release|Any CPU
		{FA24BE86-243C-4701-9316-542FEB90B131}.Release|Any CPU.Build.0 = Release|Any CPU
		{FA24BE86-243C-4701-9316-542FEB90B131}.Release|x86.ActiveCfg = Release|x86
		{FA24BE86-243C-4701-9316-542FEB90B131}.Release|x86.Build.0 = Release|x86
	EndGlobalSection
	GlobalSection(SolutionProperties) = preSolution
		HideSolutionNode = FALSE
	EndGlobalSection
	GlobalSection(ExtensibilityGlobals) = postSolution
		SolutionGuid = {4A4CDD95-3316-491E-8EC9-428E17C81D44}
	EndGlobalSection
EndGlobal
